
Microsoft Visual Studio Solution File, Format Version 12.00
Project("{FAE04EC0-301F-11D3-BF4B-00C04F79EFBC}") = "ProductApp", "ProductApp\ProductApp.csproj", "{4BC096F4-2F87-48AC-BCE0-DDB59F80FCAD}"
EndProject
Global
	GlobalSection(SolutionConfigurationPlatforms) = preSolution
		Debug|Any CPU = Debug|Any CPU
		Release|Any CPU = Release|Any CPU
	EndGlobalSection
	GlobalSection(ProjectConfigurationPlatforms) = postSolution
		{4BC096F4-2F87-48AC-BCE0-DDB59F80FCAD}.Debug|Any CPU.ActiveCfg = Debug|Any CPU
		{4BC096F4-2F87-48AC-BCE0-DDB59F80FCAD}.Debug|Any CPU.Build.0 = Debug|Any CPU
		{4BC096F4-2F87-48AC-BCE0-DDB59F80FCAD}.Release|Any CPU.ActiveCfg = Release|Any CPU
		{4BC096F4-2F87-48AC-BCE0-DDB59F80FCAD}.Release|Any CPU.Build.0 = Release|Any CPU
	EndGlobalSection
EndGlobal
